<?xml version="1.0" encoding="utf-8"?>
<Project ToolsVersion="4.0" xmlns="http://schemas.microsoft.com/developer/msbuild/2003">
  <ItemGroup>
    <Filter Include="ソース ファイル">
      <UniqueIdentifier>{4FC737F1-C7A5-4376-A066-2A32D752A2FF}</UniqueIdentifier>
      <Extensions>cpp;c;cc;cxx;def;odl;idl;hpj;bat;asm;asmx</Extensions>
    </Filter>
    <Filter Include="ヘッダー ファイル">
      <UniqueIdentifier>{93995380-89BD-4b04-88EB-625FBE52EBFB}</UniqueIdentifier>
      <Extensions>h;hh;hpp;hxx;hm;inl;inc;xsd</Extensions>
    </Filter>
    <Filter Include="リソース ファイル">
      <UniqueIdentifier>{67DA6AB6-F800-4c08-8B7A-83BB121AAD01}</UniqueIdentifier>
      <Extensions>rc;ico;cur;bmp;dlg;rc2;rct;bin;rgs;gif;jpg;jpeg;jpe;resx;tiff;tif;png;wav;mfcribbon-ms</Extensions>
    </Filter>
  </ItemGroup>
  <ItemGroup>
    <Text Include="ReadMe.txt" />
  </ItemGroup>
  <ItemGroup>
    <ClInclude Include="stdafx.h">
      <Filter>ヘッダー ファイル</Filter>
    </ClInclude>
    <ClInclude Include="targetver.h">
      <Filter>ヘッダー ファイル</Filter>
    </ClInclude>
    <ClInclude Include="src\gtest-internal-inl.h">
      <Filter>ソース ファイル</Filter>
    </ClInclude>
    <ClInclude Include="czatdd_201603.h">
      <Filter>ソース ファイル</Filter>
    </ClInclude>
  </ItemGroup>
  <ItemGroup>
    <ClCompile Include="stdafx.cpp">
      <Filter>ソース ファイル</Filter>
    </ClCompile>
    <ClCompile Include="ConsoleApplication1.cpp">
      <Filter>ソース ファイル</Filter>
    </ClCompile>
    <ClCompile Include="src\gtest.cc">
      <Filter>ソース ファイル</Filter>
    </ClCompile>
    <ClCompile Include="src\gtest_main.cc">
      <Filter>ソース ファイル</Filter>
    </ClCompile>
    <ClCompile Include="src\gtest-death-test.cc">
      <Filter>ソース ファイル</Filter>
    </ClCompile>
    <ClCompile Include="src\gtest-filepath.cc">
      <Filter>ソース ファイル</Filter>
    </ClCompile>
    <ClCompile Include="src\gtest-port.cc">
      <Filter>ソース ファイル</Filter>
    </ClCompile>
    <ClCompile Include="src\gtest-printers.cc">
      <Filter>ソース ファイル</Filter>
    </ClCompile>
    <ClCompile Include="src\gtest-test-part.cc">
      <Filter>ソース ファイル</Filter>
    </ClCompile>
    <ClCompile Include="src\gtest-typed-test.cc">
      <Filter>ソース ファイル</Filter>
    </ClCompile>
    <ClCompile Include="czatdd_201603.cpp">
      <Filter>ソース ファイル</Filter>
    </ClCompile>
    <ClCompile Include="test_czatdd_201603.cpp">
      <Filter>ソース ファイル</Filter>
    </ClCompile>
  </ItemGroup>
</Project>